{
  "name": "window-function",
  "version": "3.0.3",
  "lockfileVersion": 3,
  "requires": true,
  "packages": {
    "": {
      "name": "window-function",
      "version": "3.0.3",
      "license": "MIT",
      "devDependencies": {
        "fourier-transform": "^2.2.0"
      },
      "engines": {
        "node": ">=18"
      }
    },
    "node_modules/fourier-transform": {
      "version": "2.2.0",
      "resolved": "https://registry.npmjs.org/fourier-transform/-/fourier-transform-2.2.0.tgz",
      "integrity": "sha512-IMFCIoZycT+8btxocpqAfVBpLtfLgQ/Y0w8KvX4iPT8C2Y+aAXz49kK4Gvaogfqz0lZiBpwAk2z10Grfyg5Buw==",
      "dev": true,
      "license": "MIT"
    }
  }
}
